// !$*UTF8*$!
{
	archiveVersion = 1;
	classes = {
	};
	objectVersion = 55;
	objects = {

/* Begin PBXBuildFile section */
		EFC8882628C0D8DE00EAD327 /* AppDelegate.swift in Sources */ = {isa = PBXBuildFile; fileRef = EFC8882528C0D8DE00EAD327 /* AppDelegate.swift */; };
		EFC8882828C0D8DE00EAD327 /* SceneDelegate.swift in Sources */ = {isa = PBXBuildFile; fileRef = EFC8882728C0D8DE00EAD327 /* SceneDelegate.swift */; };
		EFC8882A28C0D8DE00EAD327 /* ViewController.swift in Sources */ = {isa = PBXBuildFile; fileRef = EFC8882928C0D8DE00EAD327 /* ViewController.swift */; };
		EFC8882D28C0D8DE00EAD327 /* Main.storyboard in Resources */ = {isa = PBXBuildFile; fileRef = EFC8882B28C0D8DE00EAD327 /* Main.storyboard */; };
		EFC8882F28C0D8E200EAD327 /* Assets.xcassets in Resources */ = {isa = PBXBuildFile; fileRef = EFC8882E28C0D8E200EAD327 /* Assets.xcassets */; };
		EFC8883228C0D8E200EAD327 /* LaunchScreen.storyboard in Resources */ = {isa = PBXBuildFile; fileRef = EFC8883028C0D8E200EAD327 /* LaunchScreen.storyboard */; };
		EFC8883B28C0DB7000EAD327 /* JJPageControl.swift in Sources */ = {isa = PBXBuildFile; fileRef = EFC8883A28C0DB7000EAD327 /* JJPageControl.swift */; };
/* End PBXBuildFile section */

/* Begin PBXFileReference section */
		EFC8882228C0D8DE00EAD327 /* JJPageControl.app */ = {isa = PBXFileReference; explicitFileType = wrapper.application; includeInIndex = 0; path = JJPageControl.app; sourceTree = BUILT_PRODUCTS_DIR; };
		EFC8882528C0D8DE00EAD327 /* AppDelegate.swift */ = {isa = PBXFileReference; lastKnownFileType = sourcecode.swift; path = AppDelegate.swift; sourceTree = "<group>"; };
		EFC8882728C0D8DE00EAD327 /* SceneDelegate.swift */ = {isa = PBXFileReference; lastKnownFileType = sourcecode.swift; path = SceneDelegate.swift; sourceTree = "<group>"; };
		EFC8882928C0D8DE00EAD327 /* ViewController.swift */ = {isa = PBXFileReference; lastKnownFileType = sourcecode.swift; path = ViewController.swift; sourceTree = "<group>"; };
		EFC8882C28C0D8DE00EAD327 /* Base */ = {isa = PBXFileReference; lastKnownFileType = file.storyboard; name = Base; path = Base.lproj/Main.storyboard; sourceTree = "<group>"; };
		EFC8882E28C0D8E200EAD327 /* Assets.xcassets */ = {isa = PBXFileReference; lastKnownFileType = folder.assetcatalog; path = Assets.xcassets; sourceTree = "<group>"; };
		EFC8883128C0D8E200EAD327 /* Base */ = {isa = PBXFileReference; lastKnownFileType = file.storyboard; name = Base; path = Base.lproj/LaunchScreen.storyboard; sourceTree = "<group>"; };
		EFC8883328C0D8E200EAD327 /* Info.plist */ = {isa = PBXFileReference; lastKnownFileType = text.plist.xml; path = Info.plist; sourceTree = "<group>"; };
		EFC8883A28C0DB7000EAD327 /* JJPageControl.swift */ = {isa = PBXFileReference; lastKnownFileType = sourcecode.swift; path = JJPageControl.swift; sourceTree = "<group>"; };
/* End PBXFileReference section */

/* Begin PBXFrameworksBuildPhase section */
		EFC8881F28C0D8DE00EAD327 /* Frameworks */ = {
			isa = PBXFrameworksBuildPhase;
			buildActionMask = 2147483647;
			files = (
			);
			runOnlyForDeploymentPostprocessing = 0;
		};
/* End PBXFrameworksBuildPhase section */

/* Begin PBXGroup section */
		EFC8881928C0D8DE00EAD327 = {
			isa = PBXGroup;
			children = (
				EFC8882428C0D8DE00EAD327 /* JJPageControl */,
				EFC8882328C0D8DE00EAD327 /* Products */,
			);
			sourceTree = "<group>";
		};
		EFC8882328C0D8DE00EAD327 /* Products */ = {
			isa = PBXGroup;
			children = (
				EFC8882228C0D8DE00EAD327 /* JJPageControl.app */,
			);
			name = Products;
			sourceTree = "<group>";
		};
		EFC8882428C0D8DE00EAD327 /* JJPageControl */ = {
			isa = PBXGroup;
			children = (
				EFC8883928C0D8ED00EAD327 /* PageControl */,
				EFC8882528C0D8DE00EAD327 /* AppDelegate.swift */,
				EFC8882728C0D8DE00EAD327 /* SceneDelegate.swift */,
				EFC8882928C0D8DE00EAD327 /* ViewController.swift */,
				EFC8882B28C0D8DE00EAD327 /* Main.storyboard */,
				EFC8882E28C0D8E200EAD327 /* Assets.xcassets */,
				EFC8883028C0D8E200EAD327 /* LaunchScreen.storyboard */,
				EFC8883328C0D8E200EAD327 /* Info.plist */,
			);
			path = JJPageControl;
			sourceTree = "<group>";
		};
		EFC8883928C0D8ED00EAD327 /* PageControl */ = {
			isa = PBXGroup;
			children = (
				EFC8883A28C0DB7000EAD327 /* JJPageControl.swift */,
			);
			path = PageControl;
			sourceTree = "<group>";
		};
/* End PBXGroup section */

/* Begin PBXNativeTarget section */
		EFC8882128C0D8DE00EAD327 /* JJPageControl */ = {
			isa = PBXNativeTarget;
			buildConfigurationList = EFC8883628C0D8E200EAD327 /* Build configuration list for PBXNativeTarget "JJPageControl" */;
			buildPhases = (
				EFC8881E28C0D8DE00EAD327 /* Sources */,
				EFC8881F28C0D8DE00EAD327 /* Frameworks */,
				EFC8882028C0D8DE00EAD327 /* Resources */,
			);
			buildRules = (
			);
			dependencies = (
			);
			name = JJPageControl;
			productName = JJPageControl;
			productReference = EFC8882228C0D8DE00EAD327 /* JJPageControl.app */;
			productType = "com.apple.product-type.application";
		};
/* End PBXNativeTarget section */

/* Begin PBXProject section */
		EFC8881A28C0D8DE00EAD327 /* Project object */ = {
			isa = PBXProject;
			attributes = {
				BuildIndependentTargetsInParallel = 1;
				LastSwiftUpdateCheck = 1340;
				LastUpgradeCheck = 1340;
				TargetAttributes = {
					EFC8882128C0D8DE00EAD327 = {
						CreatedOnToolsVersion = 13.4.1;
					};
				};
			};
			buildConfigurationList = EFC8881D28C0D8DE00EAD327 /* Build configuration list for PBXProject "JJPageControl" */;
			compatibilityVersion = "Xcode 13.0";
			developmentRegion = en;
			hasScannedForEncodings = 0;
			knownRegions = (
				en,
				Base,
			);
			mainGroup = EFC8881928C0D8DE00EAD327;
			productRefGroup = EFC8882328C0D8DE00EAD327 /* Products */;
			projectDirPath = "";
			projectRoot = "";
			targets = (
				EFC8882128C0D8DE00EAD327 /* JJPageControl */,
			);
		};
/* End PBXProject section */

/* Begin PBXResourcesBuildPhase section */
		EFC8882028C0D8DE00EAD327 /* Resources */ = {
			isa = PBXResourcesBuildPhase;
			buildActionMask = 2147483647;
			files = (
				EFC8883228C0D8E200EAD327 /* LaunchScreen.storyboard in Resources */,
				EFC8882F28C0D8E200EAD327 /* Assets.xcassets in Resources */,
				EFC8882D28C0D8DE00EAD327 /* Main.storyboard in Resources */,
			);
			runOnlyForDeploymentPostprocessing = 0;
		};
/* End PBXResourcesBuildPhase section */

/* Begin PBXSourcesBuildPhase section */
		EFC8881E28C0D8DE00EAD327 /* Sources */ = {
			isa = PBXSourcesBuildPhase;
			buildActionMask = 2147483647;
			files = (
				EFC8883B28C0DB7000EAD327 /* JJPageControl.swift in Sources */,
				EFC8882A28C0D8DE00EAD327 /* ViewController.swift in Sources */,
				EFC8882628C0D8DE00EAD327 /* AppDelegate.swift in Sources */,
				EFC8882828C0D8DE00EAD327 /* SceneDelegate.swift in Sources */,
			);
			runOnlyForDeploymentPostprocessing = 0;
		};
/* End PBXSourcesBuildPhase section */

/* Begin PBXVariantGroup section */
		EFC8882B28C0D8DE00EAD327 /* Main.storyboard */ = {
			isa = PBXVariantGroup;
			children = (
				EFC8882C28C0D8DE00EAD327 /* Base */,
			);
			name = Main.storyboard;
			sourceTree = "<group>";
		};
		EFC8883028C0D8E200EAD327 /* LaunchScreen.storyboard */ = {
			isa = PBXVariantGroup;
			children = (
				EFC8883128C0D8E200EAD327 /* Base */,
			);
			name = LaunchScreen.storyboard;
			sourceTree = "<group>";
		};
/* End PBXVariantGroup section */

/* Begin XCBuildConfiguration section */
		EFC8883428C0D8E200EAD327 /* Debug */ = {
			isa = XCBuildConfiguration;
			buildSettings = {
				ALWAYS_SEARCH_USER_PATHS = NO;
				CLANG_ANALYZER_NONNULL = YES;
				CLANG_ANALYZER_NUMBER_OBJECT_CONVERSION = YES_AGGRESSIVE;
				CLANG_CXX_LANGUAGE_STANDARD = "gnu++17";
				CLANG_ENABLE_MODULES = YES;
				CLANG_ENABLE_OBJC_ARC = YES;
				CLANG_ENABLE_OBJC_WEAK = YES;
				CLANG_WARN_BLOCK_CAPTURE_AUTORELEASING = YES;
				CLANG_WARN_BOOL_CONVERSION = YES;
				CLANG_WARN_COMMA = YES;
				CLANG_WARN_CONSTANT_CONVERSION = YES;
				CLANG_WARN_DEPRECATED_OBJC_IMPLEMENTATIONS = YES;
				CLANG_WARN_DIRECT_OBJC_ISA_USAGE = YES_ERROR;
				CLANG_WARN_DOCUMENTATION_COMMENTS = YES;
				CLANG_WARN_EMPTY_BODY = YES;
				CLANG_WARN_ENUM_CONVERSION = YES;
				CLANG_WARN_INFINITE_RECURSION = YES;
				CLANG_WARN_INT_CONVERSION = YES;
				CLANG_WARN_NON_LITERAL_NULL_CONVERSION = YES;
				CLANG_WARN_OBJC_IMPLICIT_RETAIN_SELF = YES;
				CLANG_WARN_OBJC_LITERAL_CONVERSION = YES;
				CLANG_WARN_OBJC_ROOT_CLASS = YES_ERROR;
				CLANG_WARN_QUOTED_INCLUDE_IN_FRAMEWORK_HEADER = YES;
				CLANG_WARN_RANGE_LOOP_ANALYSIS = YES;
				CLANG_WARN_STRICT_PROTOTYPES = YES;
				CLANG_WARN_SUSPICIOUS_MOVE = YES;
				CLANG_WARN_UNGUARDED_AVAILABILITY = YES_AGGRESSIVE;
				CLANG_WARN_UNREACHABLE_CODE = YES;
				CLANG_WARN__DUPLICATE_METHOD_MATCH = YES;
				COPY_PHASE_STRIP = NO;
				DEBUG_INFORMATION_FORMAT = dwarf;
				ENABLE_STRICT_OBJC_MSGSEND = YES;
				ENABLE_TESTABILITY = YES;
				GCC_C_LANGUAGE_STANDARD = gnu11;
				GCC_DYNAMIC_NO_PIC = NO;
				GCC_NO_COMMON_BLOCKS = YES;
				GCC_OPTIMIZATION_LEVEL = 0;
				GCC_PREPROCESSOR_DEFINITIONS = (
					"DEBUG=1",
					"$(inherited)",
				);
				GCC_WARN_64_TO_32_BIT_CONVERSION = YES;
				GCC_WARN_ABOUT_RETURN_TYPE = YES_ERROR;
				GCC_WARN_UNDECLARED_SELECTOR = YES;
				GCC_WARN_UNINITIALIZED_AUTOS = YES_AGGRESSIVE;
				GCC_WARN_UNUSED_FUNCTION = YES;
				GCC_WARN_UNUSED_VARIABLE = YES;
				IPHONEOS_DEPLOYMENT_TARGET = 15.5;
				MTL_ENABLE_DEBUG_INFO = INCLUDE_SOURCE;
				MTL_FAST_MATH = YES;
				ONLY_ACTIVE_ARCH = YES;
				SDKROOT = iphoneos;
				SWIFT_ACTIVE_COMPILATION_CONDITIONS = DEBUG;
				SWIFT_OPTIMIZATION_LEVEL = "-Onone";
			};
			name = Debug;
		};
		EFC8883528C0D8E200EAD327 /* Release */ = {
			isa = XCBuildConfiguration;
			buildSettings = {
				ALWAYS_SEARCH_USER_PATHS = NO;
				CLANG_ANALYZER_NONNULL = YES;
				CLANG_ANALYZER_NUMBER_OBJECT_CONVERSION = YES_AGGRESSIVE;
				CLANG_CXX_LANGUAGE_STANDARD = "gnu++17";
				CLANG_ENABLE_MODULES = YES;
				CLANG_ENABLE_OBJC_ARC = YES;
				CLANG_ENABLE_OBJC_WEAK = YES;
				CLANG_WARN_BLOCK_CAPTURE_AUTORELEASING = YES;
				CLANG_WARN_BOOL_CONVERSION = YES;
				CLANG_WARN_COMMA = YES;
				CLANG_WARN_CONSTANT_CONVERSION = YES;
				CLANG_WARN_DEPRECATED_OBJC_IMPLEMENTATIONS = YES;
				CLANG_WARN_DIRECT_OBJC_ISA_USAGE = YES_ERROR;
				CLANG_WARN_DOCUMENTATION_COMMENTS = YES;
				CLANG_WARN_EMPTY_BODY = YES;
				CLANG_WARN_ENUM_CONVERSION = YES;
				CLANG_WARN_INFINITE_RECURSION = YES;
				CLANG_WARN_INT_CONVERSION = YES;
				CLANG_WARN_NON_LITERAL_NULL_CONVERSION = YES;
				CLANG_WARN_OBJC_IMPLICIT_RETAIN_SELF = YES;
				CLANG_WARN_OBJC_LITERAL_CONVERSION = YES;
				CLANG_WARN_OBJC_ROOT_CLASS = YES_ERROR;
				CLANG_WARN_QUOTED_INCLUDE_IN_FRAMEWORK_HEADER = YES;
				CLANG_WARN_RANGE_LOOP_ANALYSIS = YES;
				CLANG_WARN_STRICT_PROTOTYPES = YES;
				CLANG_WARN_SUSPICIOUS_MOVE = YES;
				CLANG_WARN_UNGUARDED_AVAILABILITY = YES_AGGRESSIVE;
				CLANG_WARN_UNREACHABLE_CODE = YES;
				CLANG_WARN__DUPLICATE_METHOD_MATCH = YES;
				COPY_PHASE_STRIP = NO;
				DEBUG_INFORMATION_FORMAT = "dwarf-with-dsym";
				ENABLE_NS_ASSERTIONS = NO;
				ENABLE_STRICT_OBJC_MSGSEND = YES;
				GCC_C_LANGUAGE_STANDARD = gnu11;
				GCC_NO_COMMON_BLOCKS = YES;
				GCC_WARN_64_TO_32_BIT_CONVERSION = YES;
				GCC_WARN_ABOUT_RETURN_TYPE = YES_ERROR;
				GCC_WARN_UNDECLARED_SELECTOR = YES;
				GCC_WARN_UNINITIALIZED_AUTOS = YES_AGGRESSIVE;
				GCC_WARN_UNUSED_FUNCTION = YES;
				GCC_WARN_UNUSED_VARIABLE = YES;
				IPHONEOS_DEPLOYMENT_TARGET = 15.5;
				MTL_ENABLE_DEBUG_INFO = NO;
				MTL_FAST_MATH = YES;
				SDKROOT = iphoneos;
				SWIFT_COMPILATION_MODE = wholemodule;
				SWIFT_OPTIMIZATION_LEVEL = "-O";
				VALIDATE_PRODUCT = YES;
			};
			name = Release;
		};
		EFC8883728C0D8E200EAD327 /* Debug */ = {
			isa = XCBuildConfiguration;
			buildSettings = {
				ASSETCATALOG_COMPILER_APPICON_NAME = AppIcon;
				ASSETCATALOG_COMPILER_GLOBAL_ACCENT_COLOR_NAME = AccentColor;
				CODE_SIGN_STYLE = Automatic;
				CURRENT_PROJECT_VERSION = 1;
				DEVELOPMENT_TEAM = 6Y6DL4AM34;
				GENERATE_INFOPLIST_FILE = YES;
				INFOPLIST_FILE = JJPageControl/Info.plist;
				INFOPLIST_KEY_UIApplicationSupportsIndirectInputEvents = YES;
				INFOPLIST_KEY_UILaunchStoryboardName = LaunchScreen;
				INFOPLIST_KEY_UIMainStoryboardFile = Main;
				INFOPLIST_KEY_UISupportedInterfaceOrientations_iPad = "UIInterfaceOrientationPortrait UIInterfaceOrientationPortraitUpsideDown UIInterfaceOrientationLandscapeLeft UIInterfaceOrientationLandscapeRight";
				INFOPLIST_KEY_UISupportedInterfaceOrientations_iPhone = "UIInterfaceOrientationPortrait UIInterfaceOrientationLandscapeLeft UIInterfaceOrientationLandscapeRight";
				LD_RUNPATH_SEARCH_PATHS = (
					"$(inherited)",
					"@executable_path/Frameworks",
				);
				MARKETING_VERSION = 1.0;
				PRODUCT_BUNDLE_IDENTIFIER = wwww.zxhkit.com.JJPageControl;
				PRODUCT_NAME = "$(TARGET_NAME)";
				SWIFT_EMIT_LOC_STRINGS = YES;
				SWIFT_VERSION = 5.0;
				TARGETED_DEVICE_FAMILY = "1,2";
			};
			name = Debug;
		};
		EFC8883828C0D8E200EAD327 /* Release */ = {
			isa = XCBuildConfiguration;
			buildSettings = {
				ASSETCATALOG_COMPILER_APPICON_NAME = AppIcon;
				ASSETCATALOG_COMPILER_GLOBAL_ACCENT_COLOR_NAME = AccentColor;
				CODE_SIGN_STYLE = Automatic;
				CURRENT_PROJECT_VERSION = 1;
				DEVELOPMENT_TEAM = 6Y6DL4AM34;
				GENERATE_INFOPLIST_FILE = YES;
				INFOPLIST_FILE = JJPageControl/Info.plist;
				INFOPLIST_KEY_UIApplicationSupportsIndirectInputEvents = YES;
				INFOPLIST_KEY_UILaunchStoryboardName = LaunchScreen;
				INFOPLIST_KEY_UIMainStoryboardFile = Main;
				INFOPLIST_KEY_UISupportedInterfaceOrientations_iPad = "UIInterfaceOrientationPortrait UIInterfaceOrientationPortraitUpsideDown UIInterfaceOrientationLandscapeLeft UIInterfaceOrientationLandscapeRight";
				INFOPLIST_KEY_UISupportedInterfaceOrientations_iPhone = "UIInterfaceOrientationPortrait UIInterfaceOrientationLandscapeLeft UIInterfaceOrientationLandscapeRight";
				LD_RUNPATH_SEARCH_PATHS = (
					"$(inherited)",
					"@executable_path/Frameworks",
				);
				MARKETING_VERSION = 1.0;
				PRODUCT_BUNDLE_IDENTIFIER = wwww.zxhkit.com.JJPageControl;
				PRODUCT_NAME = "$(TARGET_NAME)";
				SWIFT_EMIT_LOC_STRINGS = YES;
				SWIFT_VERSION = 5.0;
				TARGETED_DEVICE_FAMILY = "1,2";
			};
			name = Release;
		};
/* End XCBuildConfiguration section */

/* Begin XCConfigurationList section */
		EFC8881D28C0D8DE00EAD327 /* Build configuration list for PBXProject "JJPageControl" */ = {
			isa = XCConfigurationList;
			buildConfigurations = (
				EFC8883428C0D8E200EAD327 /* Debug */,
				EFC8883528C0D8E200EAD327 /* Release */,
			);
			defaultConfigurationIsVisible = 0;
			defaultConfigurationName = Release;
		};
		EFC8883628C0D8E200EAD327 /* Build configuration list for PBXNativeTarget "JJPageControl" */ = {
			isa = XCConfigurationList;
			buildConfigurations = (
				EFC8883728C0D8E200EAD327 /* Debug */,
				EFC8883828C0D8E200EAD327 /* Release */,
			);
			defaultConfigurationIsVisible = 0;
			defaultConfigurationName = Release;
		};
/* End XCConfigurationList section */
	};
	rootObject = EFC8881A28C0D8DE00EAD327 /* Project object */;
}
